Microsoft Visual Studio Solution File, Format Version 12.00
# Visual Studio Version 17
VisualStudioVersion = 17.5.2.0
MinimumVisualStudioVersion = 10.0.40219.1
Project("{FAE04EC0-301F-11D3-BF4B-00C04F79EFBC}") = "Net9RestApi", "Net9RestApi.csproj", "{B6EC21D8-7486-C8C2-0C29-EEE2E68C25AD}"
EndProject
Global
	GlobalSection(SolutionConfigurationPlatforms) = preSolution
		Debug|Any CPU = Debug|Any CPU
		Release|Any CPU = Release|Any CPU
	EndGlobalSection
	GlobalSection(ProjectConfigurationPlatforms) = postSolution
		{B6EC21D8-7486-C8C2-0C29-EEE2E68C25AD}.Debug|Any CPU.ActiveCfg = Debug|Any CPU
		{B6EC21D8-7486-C8C2-0C29-EEE2E68C25AD}.Debug|Any CPU.Build.0 = Debug|Any CPU
		{B6EC21D8-7486-C8C2-0C29-EEE2E68C25AD}.Release|Any CPU.ActiveCfg = Release|Any CPU
		{B6EC21D8-7486-C8C2-0C29-EEE2E68C25AD}.Release|Any CPU.Build.0 = Release|Any CPU
	EndGlobalSection
	GlobalSection(SolutionProperties) = preSolution
		HideSolutionNode = FALSE
	EndGlobalSection
	GlobalSection(ExtensibilityGlobals) = postSolution
		SolutionGuid = {F03F4A0E-C254-4370-B994-B05BAD912793}
	EndGlobalSection
EndGlobal
